
Microsoft Visual Studio Solution File, Format Version 12.00
# Visual Studio Version 16
VisualStudioVersion = 16.0.32228.343
MinimumVisualStudioVersion = 10.0.40219.1
Project("{FAE04EC0-301F-11D3-BF4B-00C04F79EFBC}") = "LoginAPi", "LoginAPi\LoginAPi.csproj", "{CBDFDDA4-9C92-4A89-AEBB-D62CF8D0B58E}"
EndProject
Global
	GlobalSection(SolutionConfigurationPlatforms) = preSolution
		Debug|Any CPU = Debug|Any CPU
		Release|Any CPU = Release|Any CPU
	EndGlobalSection
	GlobalSection(ProjectConfigurationPlatforms) = postSolution
		{CBDFDDA4-9C92-4A89-AEBB-D62CF8D0B58E}.Debug|Any CPU.ActiveCfg = Debug|Any CPU
		{CBDFDDA4-9C92-4A89-AEBB-D62CF8D0B58E}.Debug|Any CPU.Build.0 = Debug|Any CPU
		{CBDFDDA4-9C92-4A89-AEBB-D62CF8D0B58E}.Release|Any CPU.ActiveCfg = Release|Any CPU
		{CBDFDDA4-9C92-4A89-AEBB-D62CF8D0B58E}.Release|Any CPU.Build.0 = Release|Any CPU
	EndGlobalSection
	GlobalSection(SolutionProperties) = preSolution
		HideSolutionNode = FALSE
	EndGlobalSection
	GlobalSection(ExtensibilityGlobals) = postSolution
		SolutionGuid = {CD2A8595-E8B1-44B9-89E8-6900020AAFEC}
	EndGlobalSection
EndGlobal
