
Microsoft Visual Studio Solution File, Format Version 12.00
# Visual Studio Version 17
VisualStudioVersion = 17.1.32421.90
MinimumVisualStudioVersion = 10.0.40219.1
Project("{FAE04EC0-301F-11D3-BF4B-00C04F79EFBC}") = "SrezAPI", "SrezAPI\SrezAPI.csproj", "{4E8A2873-1A4A-42AC-9A2B-0D9A91B7A891}"
EndProject
Global
	GlobalSection(SolutionConfigurationPlatforms) = preSolution
		Debug|Any CPU = Debug|Any CPU
		Release|Any CPU = Release|Any CPU
	EndGlobalSection
	GlobalSection(ProjectConfigurationPlatforms) = postSolution
		{4E8A2873-1A4A-42AC-9A2B-0D9A91B7A891}.Debug|Any CPU.ActiveCfg = Debug|Any CPU
		{4E8A2873-1A4A-42AC-9A2B-0D9A91B7A891}.Debug|Any CPU.Build.0 = Debug|Any CPU
		{4E8A2873-1A4A-42AC-9A2B-0D9A91B7A891}.Release|Any CPU.ActiveCfg = Release|Any CPU
		{4E8A2873-1A4A-42AC-9A2B-0D9A91B7A891}.Release|Any CPU.Build.0 = Release|Any CPU
	EndGlobalSection
	GlobalSection(SolutionProperties) = preSolution
		HideSolutionNode = FALSE
	EndGlobalSection
	GlobalSection(ExtensibilityGlobals) = postSolution
		SolutionGuid = {8497BD61-7035-4AA2-AD33-20262903C60F}
	EndGlobalSection
EndGlobal
